// !$*UTF8*$!
{
	archiveVersion = 1;
	classes = {
	};
	objectVersion = 46;
	objects = {

/* Begin PBXBuildFile section */
		FB2209841E5D111600C0FC50 /* AppDelegate.swift in Sources */ = {isa = PBXBuildFile; fileRef = FB2209831E5D111600C0FC50 /* AppDelegate.swift */; };
		FB2209861E5D111600C0FC50 /* ViewController.swift in Sources */ = {isa = PBXBuildFile; fileRef = FB2209851E5D111600C0FC50 /* ViewController.swift */; };
		FB2209891E5D111600C0FC50 /* Main.storyboard in Resources */ = {isa = PBXBuildFile; fileRef = FB2209871E5D111600C0FC50 /* Main.storyboard */; };
		FB22098B1E5D111600C0FC50 /* Assets.xcassets in Resources */ = {isa = PBXBuildFile; fileRef = FB22098A1E5D111600C0FC50 /* Assets.xcassets */; };
		FB22098E1E5D111600C0FC50 /* LaunchScreen.storyboard in Resources */ = {isa = PBXBuildFile; fileRef = FB22098C1E5D111600C0FC50 /* LaunchScreen.storyboard */; };
/* End PBXBuildFile section */

/* Begin PBXFileReference section */
		FB2209801E5D111600C0FC50 /* SizeClase.app */ = {isa = PBXFileReference; explicitFileType = wrapper.application; includeInIndex = 0; path = SizeClase.app; sourceTree = BUILT_PRODUCTS_DIR; };
		FB2209831E5D111600C0FC50 /* AppDelegate.swift */ = {isa = PBXFileReference; lastKnownFileType = sourcecode.swift; path = AppDelegate.swift; sourceTree = "<group>"; };
		FB2209851E5D111600C0FC50 /* ViewController.swift */ = {isa = PBXFileReference; lastKnownFileType = sourcecode.swift; path = ViewController.swift; sourceTree = "<group>"; };
		FB2209881E5D111600C0FC50 /* Base */ = {isa = PBXFileReference; lastKnownFileType = file.storyboard; name = Base; path = Base.lproj/Main.storyboard; sourceTree = "<group>"; };
		FB22098A1E5D111600C0FC50 /* Assets.xcassets */ = {isa = PBXFileReference; lastKnownFileType = folder.assetcatalog; path = Assets.xcassets; sourceTree = "<group>"; };
		FB22098D1E5D111600C0FC50 /* Base */ = {isa = PBXFileReference; lastKnownFileType = file.storyboard; name = Base; path = Base.lproj/LaunchScreen.storyboard; sourceTree = "<group>"; };
		FB22098F1E5D111600C0FC50 /* Info.plist */ = {isa = PBXFileReference; lastKnownFileType = text.plist.xml; path = Info.plist; sourceTree = "<group>"; };
/* End PBXFileReference section */

/* Begin PBXFrameworksBuildPhase section */
		FB22097D1E5D111600C0FC50 /* Frameworks */ = {
			isa = PBXFrameworksBuildPhase;
			buildActionMask = 2147483647;
			files = (
			);
			runOnlyForDeploymentPostprocessing = 0;
		};
/* End PBXFrameworksBuildPhase section */

/* Begin PBXGroup section */
		FB2209771E5D111600C0FC50 = {
			isa = PBXGroup;
			children = (
				FB2209821E5D111600C0FC50 /* SizeClase */,
				FB2209811E5D111600C0FC50 /* Products */,
			);
			sourceTree = "<group>";
		};
		FB2209811E5D111600C0FC50 /* Products */ = {
			isa = PBXGroup;
			children = (
				FB2209801E5D111600C0FC50 /* SizeClase.app */,
			);
			name = Products;
			sourceTree = "<group>";
		};
		FB2209821E5D111600C0FC50 /* SizeClase */ = {
			isa = PBXGroup;
			children = (
				FB2209831E5D111600C0FC50 /* AppDelegate.swift */,
				FB2209851E5D111600C0FC50 /* ViewController.swift */,
				FB2209871E5D111600C0FC50 /* Main.storyboard */,
				FB22098A1E5D111600C0FC50 /* Assets.xcassets */,
				FB22098C1E5D111600C0FC50 /* LaunchScreen.storyboard */,
				FB22098F1E5D111600C0FC50 /* Info.plist */,
			);
			path = SizeClase;
			sourceTree = "<group>";
		};
/* End PBXGroup section */

/* Begin PBXNativeTarget section */
		FB22097F1E5D111600C0FC50 /* SizeClase */ = {
			isa = PBXNativeTarget;
			buildConfigurationList = FB2209921E5D111600C0FC50 /* Build configuration list for PBXNativeTarget "SizeClase" */;
			buildPhases = (
				FB22097C1E5D111600C0FC50 /* Sources */,
				FB22097D1E5D111600C0FC50 /* Frameworks */,
				FB22097E1E5D111600C0FC50 /* Resources */,
			);
			buildRules = (
			);
			dependencies = (
			);
			name = SizeClase;
			productName = SizeClase;
			productReference = FB2209801E5D111600C0FC50 /* SizeClase.app */;
			productType = "com.apple.product-type.application";
		};
/* End PBXNativeTarget section */

/* Begin PBXProject section */
		FB2209781E5D111600C0FC50 /* Project object */ = {
			isa = PBXProject;
			attributes = {
				LastSwiftUpdateCheck = 0800;
				LastUpgradeCheck = 0800;
				ORGANIZATIONNAME = william;
				TargetAttributes = {
					FB22097F1E5D111600C0FC50 = {
						CreatedOnToolsVersion = 8.0;
						ProvisioningStyle = Automatic;
					};
				};
			};
			buildConfigurationList = FB22097B1E5D111600C0FC50 /* Build configuration list for PBXProject "SizeClase" */;
			compatibilityVersion = "Xcode 3.2";
			developmentRegion = English;
			hasScannedForEncodings = 0;
			knownRegions = (
				en,
				Base,
			);
			mainGroup = FB2209771E5D111600C0FC50;
			productRefGroup = FB2209811E5D111600C0FC50 /* Products */;
			projectDirPath = "";
			projectRoot = "";
			targets = (
				FB22097F1E5D111600C0FC50 /* SizeClase */,
			);
		};
/* End PBXProject section */

/* Begin PBXResourcesBuildPhase section */
		FB22097E1E5D111600C0FC50 /* Resources */ = {
			isa = PBXResourcesBuildPhase;
			buildActionMask = 2147483647;
			files = (
				FB22098E1E5D111600C0FC50 /* LaunchScreen.storyboard in Resources */,
				FB22098B1E5D111600C0FC50 /* Assets.xcassets in Resources */,
				FB2209891E5D111600C0FC50 /* Main.storyboard in Resources */,
			);
			runOnlyForDeploymentPostprocessing = 0;
		};
/* End PBXResourcesBuildPhase section */

/* Begin PBXSourcesBuildPhase section */
		FB22097C1E5D111600C0FC50 /* Sources */ = {
			isa = PBXSourcesBuildPhase;
			buildActionMask = 2147483647;
			files = (
				FB2209861E5D111600C0FC50 /* ViewController.swift in Sources */,
				FB2209841E5D111600C0FC50 /* AppDelegate.swift in Sources */,
			);
			runOnlyForDeploymentPostprocessing = 0;
		};
/* End PBXSourcesBuildPhase section */

/* Begin PBXVariantGroup section */
		FB2209871E5D111600C0FC50 /* Main.storyboard */ = {
			isa = PBXVariantGroup;
			children = (
				FB2209881E5D111600C0FC50 /* Base */,
			);
			name = Main.storyboard;
			sourceTree = "<group>";
		};
		FB22098C1E5D111600C0FC50 /* LaunchScreen.storyboard */ = {
			isa = PBXVariantGroup;
			children = (
				FB22098D1E5D111600C0FC50 /* Base */,
			);
			name = LaunchScreen.storyboard;
			sourceTree = "<group>";
		};
/* End PBXVariantGroup section */

/* Begin XCBuildConfiguration section */
		FB2209901E5D111600C0FC50 /* Debug */ = {
			isa = XCBuildConfiguration;
			buildSettings = {
				ALWAYS_SEARCH_USER_PATHS = NO;
				CLANG_ANALYZER_NONNULL = YES;
				CLANG_CXX_LANGUAGE_STANDARD = "gnu++0x";
				CLANG_CXX_LIBRARY = "libc++";
				CLANG_ENABLE_MODULES = YES;
				CLANG_ENABLE_OBJC_ARC = YES;
				CLANG_WARN_BOOL_CONVERSION = YES;
				CLANG_WARN_CONSTANT_CONVERSION = YES;
				CLANG_WARN_DIRECT_OBJC_ISA_USAGE = YES_ERROR;
				CLANG_WARN_DOCUMENTATION_COMMENTS = YES;
				CLANG_WARN_EMPTY_BODY = YES;
				CLANG_WARN_ENUM_CONVERSION = YES;
				CLANG_WARN_INFINITE_RECURSION = YES;
				CLANG_WARN_INT_CONVERSION = YES;
				CLANG_WARN_OBJC_ROOT_CLASS = YES_ERROR;
				CLANG_WARN_SUSPICIOUS_MOVES = YES;
				CLANG_WARN_UNREACHABLE_CODE = YES;
				CLANG_WARN__DUPLICATE_METHOD_MATCH = YES;
				"CODE_SIGN_IDENTITY[sdk=iphoneos*]" = "iPhone Developer";
				COPY_PHASE_STRIP = NO;
				DEBUG_INFORMATION_FORMAT = dwarf;
				ENABLE_STRICT_OBJC_MSGSEND = YES;
				ENABLE_TESTABILITY = YES;
				GCC_C_LANGUAGE_STANDARD = gnu99;
				GCC_DYNAMIC_NO_PIC = NO;
				GCC_NO_COMMON_BLOCKS = YES;
				GCC_OPTIMIZATION_LEVEL = 0;
				GCC_PREPROCESSOR_DEFINITIONS = (
					"DEBUG=1",
					"$(inherited)",
				);
				GCC_WARN_64_TO_32_BIT_CONVERSION = YES;
				GCC_WARN_ABOUT_RETURN_TYPE = YES_ERROR;
				GCC_WARN_UNDECLARED_SELECTOR = YES;
				GCC_WARN_UNINITIALIZED_AUTOS = YES_AGGRESSIVE;
				GCC_WARN_UNUSED_FUNCTION = YES;
				GCC_WARN_UNUSED_VARIABLE = YES;
				IPHONEOS_DEPLOYMENT_TARGET = 10.0;
				MTL_ENABLE_DEBUG_INFO = YES;
				ONLY_ACTIVE_ARCH = YES;
				SDKROOT = iphoneos;
				SWIFT_ACTIVE_COMPILATION_CONDITIONS = DEBUG;
				SWIFT_OPTIMIZATION_LEVEL = "-Onone";
				TARGETED_DEVICE_FAMILY = "1,2";
			};
			name = Debug;
		};
		FB2209911E5D111600C0FC50 /* Release */ = {
			isa = XCBuildConfiguration;
			buildSettings = {
				ALWAYS_SEARCH_USER_PATHS = NO;
				CLANG_ANALYZER_NONNULL = YES;
				CLANG_CXX_LANGUAGE_STANDARD = "gnu++0x";
				CLANG_CXX_LIBRARY = "libc++";
				CLANG_ENABLE_MODULES = YES;
				CLANG_ENABLE_OBJC_ARC = YES;
				CLANG_WARN_BOOL_CONVERSION = YES;
				CLANG_WARN_CONSTANT_CONVERSION = YES;
				CLANG_WARN_DIRECT_OBJC_ISA_USAGE = YES_ERROR;
				CLANG_WARN_DOCUMENTATION_COMMENTS = YES;
				CLANG_WARN_EMPTY_BODY = YES;
				CLANG_WARN_ENUM_CONVERSION = YES;
				CLANG_WARN_INFINITE_RECURSION = YES;
				CLANG_WARN_INT_CONVERSION = YES;
				CLANG_WARN_OBJC_ROOT_CLASS = YES_ERROR;
				CLANG_WARN_SUSPICIOUS_MOVES = YES;
				CLANG_WARN_UNREACHABLE_CODE = YES;
				CLANG_WARN__DUPLICATE_METHOD_MATCH = YES;
				"CODE_SIGN_IDENTITY[sdk=iphoneos*]" = "iPhone Developer";
				COPY_PHASE_STRIP = NO;
				DEBUG_INFORMATION_FORMAT = "dwarf-with-dsym";
				ENABLE_NS_ASSERTIONS = NO;
				ENABLE_STRICT_OBJC_MSGSEND = YES;
				GCC_C_LANGUAGE_STANDARD = gnu99;
				GCC_NO_COMMON_BLOCKS = YES;
				GCC_WARN_64_TO_32_BIT_CONVERSION = YES;
				GCC_WARN_ABOUT_RETURN_TYPE = YES_ERROR;
				GCC_WARN_UNDECLARED_SELECTOR = YES;
				GCC_WARN_UNINITIALIZED_AUTOS = YES_AGGRESSIVE;
				GCC_WARN_UNUSED_FUNCTION = YES;
				GCC_WARN_UNUSED_VARIABLE = YES;
				IPHONEOS_DEPLOYMENT_TARGET = 10.0;
				MTL_ENABLE_DEBUG_INFO = NO;
				SDKROOT = iphoneos;
				SWIFT_OPTIMIZATION_LEVEL = "-Owholemodule";
				TARGETED_DEVICE_FAMILY = "1,2";
				VALIDATE_PRODUCT = YES;
			};
			name = Release;
		};
		FB2209931E5D111600C0FC50 /* Debug */ = {
			isa = XCBuildConfiguration;
			buildSettings = {
				ASSETCATALOG_COMPILER_APPICON_NAME = AppIcon;
				INFOPLIST_FILE = SizeClase/Info.plist;
				LD_RUNPATH_SEARCH_PATHS = "$(inherited) @executable_path/Frameworks";
				PRODUCT_BUNDLE_IDENTIFIER = pe.sulca.SizeClase;
				PRODUCT_NAME = "$(TARGET_NAME)";
				SWIFT_VERSION = 3.0;
			};
			name = Debug;
		};
		FB2209941E5D111600C0FC50 /* Release */ = {
			isa = XCBuildConfiguration;
			buildSettings = {
				ASSETCATALOG_COMPILER_APPICON_NAME = AppIcon;
				INFOPLIST_FILE = SizeClase/Info.plist;
				LD_RUNPATH_SEARCH_PATHS = "$(inherited) @executable_path/Frameworks";
				PRODUCT_BUNDLE_IDENTIFIER = pe.sulca.SizeClase;
				PRODUCT_NAME = "$(TARGET_NAME)";
				SWIFT_VERSION = 3.0;
			};
			name = Release;
		};
/* End XCBuildConfiguration section */

/* Begin XCConfigurationList section */
		FB22097B1E5D111600C0FC50 /* Build configuration list for PBXProject "SizeClase" */ = {
			isa = XCConfigurationList;
			buildConfigurations = (
				FB2209901E5D111600C0FC50 /* Debug */,
				FB2209911E5D111600C0FC50 /* Release */,
			);
			defaultConfigurationIsVisible = 0;
			defaultConfigurationName = Release;
		};
		FB2209921E5D111600C0FC50 /* Build configuration list for PBXNativeTarget "SizeClase" */ = {
			isa = XCConfigurationList;
			buildConfigurations = (
				FB2209931E5D111600C0FC50 /* Debug */,
				FB2209941E5D111600C0FC50 /* Release */,
			);
			defaultConfigurationIsVisible = 0;
		};
/* End XCConfigurationList section */
	};
	rootObject = FB2209781E5D111600C0FC50 /* Project object */;
}
